<?xml version="1.0" encoding="utf-8"?>
<Project ToolsVersion="4.0" xmlns="http://schemas.microsoft.com/developer/msbuild/2003">
  <ItemGroup>
    <Filter Include="Source Files">
      <UniqueIdentifier>{4FC737F1-C7A5-4376-A066-2A32D752A2FF}</UniqueIdentifier>
      <Extensions>cpp;c;cc;cxx;def;odl;idl;hpj;bat;asm;asmx</Extensions>
    </Filter>
    <Filter Include="Header Files">
      <UniqueIdentifier>{93995380-89BD-4b04-88EB-625FBE52EBFB}</UniqueIdentifier>
      <Extensions>h;hh;hpp;hxx;hm;inl;inc;xsd</Extensions>
    </Filter>
    <Filter Include="Resource Files">
      <UniqueIdentifier>{67DA6AB6-F800-4c08-8B7A-83BB121AAD01}</UniqueIdentifier>
      <Extensions>rc;ico;cur;bmp;dlg;rc2;rct;bin;rgs;gif;jpg;jpeg;jpe;resx;tiff;tif;png;wav;mfcribbon-ms</Extensions>
    </Filter>
    <Filter Include="Interfaces">
      <UniqueIdentifier>{d63ddbfe-688f-4c0d-8892-9a7f26b847eb}</UniqueIdentifier>
    </Filter>
    <Filter Include="Collision Dispatching">
      <UniqueIdentifier>{0dededdd-6e6a-440c-b7da-60073fc0c11e}</UniqueIdentifier>
    </Filter>
    <Filter Include="Guns">
      <UniqueIdentifier>{710e0e19-d0ff-4480-9117-ad4e53e561eb}</UniqueIdentifier>
    </Filter>
  </ItemGroup>
  <ItemGroup>
    <ClInclude Include="error.h">
      <Filter>Header Files</Filter>
    </ClInclude>
    <ClInclude Include="moving_ship.h">
      <Filter>Header Files</Filter>
    </ClInclude>
    <ClInclude Include="bullet.h">
      <Filter>Header Files</Filter>
    </ClInclude>
    <ClInclude Include="game.h">
      <Filter>Header Files</Filter>
    </ClInclude>
    <ClInclude Include="projectile.h">
      <Filter>Header Files</Filter>
    </ClInclude>
    <ClInclude Include="cuboid.h">
      <Filter>Header Files</Filter>
    </ClInclude>
    <ClInclude Include="cuboid_factory.h">
      <Filter>Header Files</Filter>
    </ClInclude>
    <ClInclude Include="icuboid.h">
      <Filter>Interfaces</Filter>
    </ClInclude>
    <ClInclude Include="icuboid_factory.h">
      <Filter>Interfaces</Filter>
    </ClInclude>
    <ClInclude Include="icuboid_object.h">
      <Filter>Interfaces</Filter>
    </ClInclude>
    <ClInclude Include="iprojectile.h">
      <Filter>Interfaces</Filter>
    </ClInclude>
    <ClInclude Include="iprojectile_factory.h">
      <Filter>Interfaces</Filter>
    </ClInclude>
    <ClInclude Include="iship_factory.h">
      <Filter>Interfaces</Filter>
    </ClInclude>
    <ClInclude Include="ivisitor.h">
      <Filter>Interfaces</Filter>
    </ClInclude>
    <ClInclude Include="collision_dispatcher.h">
      <Filter>Collision Dispatching</Filter>
    </ClInclude>
    <ClInclude Include="imutable_visitor.h">
      <Filter>Interfaces</Filter>
    </ClInclude>
    <ClInclude Include="ship_collider.h">
      <Filter>Collision Dispatching</Filter>
    </ClInclude>
    <ClInclude Include="cuboid_collider.h">
      <Filter>Collision Dispatching</Filter>
    </ClInclude>
    <ClInclude Include="iship.h">
      <Filter>Interfaces</Filter>
    </ClInclude>
    <ClInclude Include="projectile_collider.h">
      <Filter>Collision Dispatching</Filter>
    </ClInclude>
    <ClInclude Include="ship_factory.h">
      <Filter>Header Files</Filter>
    </ClInclude>
    <ClInclude Include="crate.h">
      <Filter>Header Files</Filter>
    </ClInclude>
    <ClInclude Include="default_gun.h">
      <Filter>Guns</Filter>
    </ClInclude>
    <ClInclude Include="spray_gun.h">
      <Filter>Guns</Filter>
    </ClInclude>
  </ItemGroup>
  <ItemGroup>
    <ClCompile Include="moving_ship.cpp">
      <Filter>Source Files</Filter>
    </ClCompile>
    <ClCompile Include="game.cpp">
      <Filter>Source Files</Filter>
    </ClCompile>
    <ClCompile Include="bullet.cpp">
      <Filter>Source Files</Filter>
    </ClCompile>
    <ClCompile Include="projectile.cpp">
      <Filter>Source Files</Filter>
    </ClCompile>
    <ClCompile Include="cuboid.cpp">
      <Filter>Source Files</Filter>
    </ClCompile>
    <ClCompile Include="cuboid_factory.cpp">
      <Filter>Source Files</Filter>
    </ClCompile>
    <ClCompile Include="collision_dispatcher.cpp">
      <Filter>Collision Dispatching</Filter>
    </ClCompile>
    <ClCompile Include="ship_collider.cpp">
      <Filter>Collision Dispatching</Filter>
    </ClCompile>
    <ClCompile Include="cuboid_collider.cpp">
      <Filter>Collision Dispatching</Filter>
    </ClCompile>
    <ClCompile Include="projectile_collider.cpp">
      <Filter>Collision Dispatching</Filter>
    </ClCompile>
    <ClCompile Include="ship_factory.cpp">
      <Filter>Source Files</Filter>
    </ClCompile>
    <ClCompile Include="crate.cpp">
      <Filter>Source Files</Filter>
    </ClCompile>
    <ClCompile Include="default_gun.cpp">
      <Filter>Guns</Filter>
    </ClCompile>
    <ClCompile Include="spray_gun.cpp">
      <Filter>Guns</Filter>
    </ClCompile>
  </ItemGroup>
</Project>