
Microsoft Visual Studio Solution File, Format Version 12.00
# Visual Studio 15
VisualStudioVersion = 15.0.26730.10
MinimumVisualStudioVersion = 10.0.40219.1
Project("{8BC9CEB8-8B4A-11D0-8D11-00A0C91BC942}") = "cuboids", "cuboids\cuboids.vcxproj", "{3847C90E-47D2-45ED-9DF7-271E87716553}"
EndProject
Project("{8BC9CEB8-8B4A-11D0-8D11-00A0C91BC942}") = "glapp", "glapp\glapp.vcxproj", "{2BBD62EC-5B14-4BF8-93CA-739D4AF7B409}"
EndProject
Project("{8BC9CEB8-8B4A-11D0-8D11-00A0C91BC942}") = "utils", "utils\utils.vcxproj", "{C8218AF4-7D14-4F55-A7DC-32399C4E958A}"
EndProject
Project("{2150E333-8FDC-42A3-9474-1A3956D46DE8}") = "Solution Items", "Solution Items", "{D9B3421B-FCA7-40F9-BCFC-E38DD6C5DDC7}"
	ProjectSection(SolutionItems) = preProject
		.gitattributes = .gitattributes
		.gitignore = .gitignore
		LICENSE = LICENSE
		README.md = README.md
	EndProjectSection
EndProject
Project("{8BC9CEB8-8B4A-11D0-8D11-00A0C91BC942}") = "gllib", "gllib\gllib.vcxproj", "{6301F662-1259-4D5F-9CA5-A965ACFB00BB}"
EndProject
Project("{8BC9CEB8-8B4A-11D0-8D11-00A0C91BC942}") = "physicslib", "physicslib\physicslib.vcxproj", "{D4B5B49C-1080-4D56-8637-FCBF10B1617B}"
EndProject
Project("{2150E333-8FDC-42A3-9474-1A3956D46DE8}") = "tests", "tests", "{B1C313D5-5F86-4EAD-B66D-4DA1A86CF65F}"
EndProject
Project("{8BC9CEB8-8B4A-11D0-8D11-00A0C91BC942}") = "glapp-tests", "tests\glapp-tests\glapp-tests.vcxproj", "{FFE1D512-FBE1-4739-A25A-33D7A1B5E920}"
EndProject
Project("{8BC9CEB8-8B4A-11D0-8D11-00A0C91BC942}") = "utils-tests", "tests\utils-tests\utils-tests.vcxproj", "{1ED2ACC0-CAC5-4286-B00C-74A2BA9CF6FD}"
EndProject
Project("{8BC9CEB8-8B4A-11D0-8D11-00A0C91BC942}") = "cuboidslib", "cuboidslib\cuboidslib.vcxproj", "{AE37D418-7E10-4EE9-8A46-7260EF5E402F}"
EndProject
Project("{8BC9CEB8-8B4A-11D0-8D11-00A0C91BC942}") = "painterslib", "painterslib\painterslib.vcxproj", "{2560DA3C-82BE-4658-90FE-BFB7B14E6D2D}"
EndProject
Global
	GlobalSection(SolutionConfigurationPlatforms) = preSolution
		Debug|x64 = Debug|x64
		Debug|x86 = Debug|x86
		Release|x64 = Release|x64
		Release|x86 = Release|x86
	EndGlobalSection
	GlobalSection(ProjectConfigurationPlatforms) = postSolution
		{3847C90E-47D2-45ED-9DF7-271E87716553}.Debug|x64.ActiveCfg = Debug|x64
		{3847C90E-47D2-45ED-9DF7-271E87716553}.Debug|x64.Build.0 = Debug|x64
		{3847C90E-47D2-45ED-9DF7-271E87716553}.Debug|x86.ActiveCfg = Debug|Win32
		{3847C90E-47D2-45ED-9DF7-271E87716553}.Debug|x86.Build.0 = Debug|Win32
		{3847C90E-47D2-45ED-9DF7-271E87716553}.Release|x64.ActiveCfg = Release|x64
		{3847C90E-47D2-45ED-9DF7-271E87716553}.Release|x64.Build.0 = Release|x64
		{3847C90E-47D2-45ED-9DF7-271E87716553}.Release|x86.ActiveCfg = Release|Win32
		{3847C90E-47D2-45ED-9DF7-271E87716553}.Release|x86.Build.0 = Release|Win32
		{2BBD62EC-5B14-4BF8-93CA-739D4AF7B409}.Debug|x64.ActiveCfg = Debug|x64
		{2BBD62EC-5B14-4BF8-93CA-739D4AF7B409}.Debug|x64.Build.0 = Debug|x64
		{2BBD62EC-5B14-4BF8-93CA-739D4AF7B409}.Debug|x86.ActiveCfg = Debug|Win32
		{2BBD62EC-5B14-4BF8-93CA-739D4AF7B409}.Debug|x86.Build.0 = Debug|Win32
		{2BBD62EC-5B14-4BF8-93CA-739D4AF7B409}.Release|x64.ActiveCfg = Release|x64
		{2BBD62EC-5B14-4BF8-93CA-739D4AF7B409}.Release|x64.Build.0 = Release|x64
		{2BBD62EC-5B14-4BF8-93CA-739D4AF7B409}.Release|x86.ActiveCfg = Release|Win32
		{2BBD62EC-5B14-4BF8-93CA-739D4AF7B409}.Release|x86.Build.0 = Release|Win32
		{C8218AF4-7D14-4F55-A7DC-32399C4E958A}.Debug|x64.ActiveCfg = Debug|x64
		{C8218AF4-7D14-4F55-A7DC-32399C4E958A}.Debug|x64.Build.0 = Debug|x64
		{C8218AF4-7D14-4F55-A7DC-32399C4E958A}.Debug|x86.ActiveCfg = Debug|Win32
		{C8218AF4-7D14-4F55-A7DC-32399C4E958A}.Debug|x86.Build.0 = Debug|Win32
		{C8218AF4-7D14-4F55-A7DC-32399C4E958A}.Release|x64.ActiveCfg = Release|x64
		{C8218AF4-7D14-4F55-A7DC-32399C4E958A}.Release|x64.Build.0 = Release|x64
		{C8218AF4-7D14-4F55-A7DC-32399C4E958A}.Release|x86.ActiveCfg = Release|Win32
		{C8218AF4-7D14-4F55-A7DC-32399C4E958A}.Release|x86.Build.0 = Release|Win32
		{6301F662-1259-4D5F-9CA5-A965ACFB00BB}.Debug|x64.ActiveCfg = Debug|x64
		{6301F662-1259-4D5F-9CA5-A965ACFB00BB}.Debug|x64.Build.0 = Debug|x64
		{6301F662-1259-4D5F-9CA5-A965ACFB00BB}.Debug|x86.ActiveCfg = Debug|Win32
		{6301F662-1259-4D5F-9CA5-A965ACFB00BB}.Debug|x86.Build.0 = Debug|Win32
		{6301F662-1259-4D5F-9CA5-A965ACFB00BB}.Release|x64.ActiveCfg = Release|x64
		{6301F662-1259-4D5F-9CA5-A965ACFB00BB}.Release|x64.Build.0 = Release|x64
		{6301F662-1259-4D5F-9CA5-A965ACFB00BB}.Release|x86.ActiveCfg = Release|Win32
		{6301F662-1259-4D5F-9CA5-A965ACFB00BB}.Release|x86.Build.0 = Release|Win32
		{D4B5B49C-1080-4D56-8637-FCBF10B1617B}.Debug|x64.ActiveCfg = Debug|x64
		{D4B5B49C-1080-4D56-8637-FCBF10B1617B}.Debug|x64.Build.0 = Debug|x64
		{D4B5B49C-1080-4D56-8637-FCBF10B1617B}.Debug|x86.ActiveCfg = Debug|Win32
		{D4B5B49C-1080-4D56-8637-FCBF10B1617B}.Debug|x86.Build.0 = Debug|Win32
		{D4B5B49C-1080-4D56-8637-FCBF10B1617B}.Release|x64.ActiveCfg = Release|x64
		{D4B5B49C-1080-4D56-8637-FCBF10B1617B}.Release|x64.Build.0 = Release|x64
		{D4B5B49C-1080-4D56-8637-FCBF10B1617B}.Release|x86.ActiveCfg = Release|Win32
		{D4B5B49C-1080-4D56-8637-FCBF10B1617B}.Release|x86.Build.0 = Release|Win32
		{FFE1D512-FBE1-4739-A25A-33D7A1B5E920}.Debug|x64.ActiveCfg = Debug|x64
		{FFE1D512-FBE1-4739-A25A-33D7A1B5E920}.Debug|x64.Build.0 = Debug|x64
		{FFE1D512-FBE1-4739-A25A-33D7A1B5E920}.Debug|x86.ActiveCfg = Debug|Win32
		{FFE1D512-FBE1-4739-A25A-33D7A1B5E920}.Debug|x86.Build.0 = Debug|Win32
		{FFE1D512-FBE1-4739-A25A-33D7A1B5E920}.Release|x64.ActiveCfg = Release|x64
		{FFE1D512-FBE1-4739-A25A-33D7A1B5E920}.Release|x64.Build.0 = Release|x64
		{FFE1D512-FBE1-4739-A25A-33D7A1B5E920}.Release|x86.ActiveCfg = Release|Win32
		{FFE1D512-FBE1-4739-A25A-33D7A1B5E920}.Release|x86.Build.0 = Release|Win32
		{1ED2ACC0-CAC5-4286-B00C-74A2BA9CF6FD}.Debug|x64.ActiveCfg = Debug|x64
		{1ED2ACC0-CAC5-4286-B00C-74A2BA9CF6FD}.Debug|x64.Build.0 = Debug|x64
		{1ED2ACC0-CAC5-4286-B00C-74A2BA9CF6FD}.Debug|x86.ActiveCfg = Debug|Win32
		{1ED2ACC0-CAC5-4286-B00C-74A2BA9CF6FD}.Debug|x86.Build.0 = Debug|Win32
		{1ED2ACC0-CAC5-4286-B00C-74A2BA9CF6FD}.Release|x64.ActiveCfg = Release|x64
		{1ED2ACC0-CAC5-4286-B00C-74A2BA9CF6FD}.Release|x64.Build.0 = Release|x64
		{1ED2ACC0-CAC5-4286-B00C-74A2BA9CF6FD}.Release|x86.ActiveCfg = Release|Win32
		{1ED2ACC0-CAC5-4286-B00C-74A2BA9CF6FD}.Release|x86.Build.0 = Release|Win32
		{AE37D418-7E10-4EE9-8A46-7260EF5E402F}.Debug|x64.ActiveCfg = Debug|x64
		{AE37D418-7E10-4EE9-8A46-7260EF5E402F}.Debug|x64.Build.0 = Debug|x64
		{AE37D418-7E10-4EE9-8A46-7260EF5E402F}.Debug|x86.ActiveCfg = Debug|Win32
		{AE37D418-7E10-4EE9-8A46-7260EF5E402F}.Debug|x86.Build.0 = Debug|Win32
		{AE37D418-7E10-4EE9-8A46-7260EF5E402F}.Release|x64.ActiveCfg = Release|x64
		{AE37D418-7E10-4EE9-8A46-7260EF5E402F}.Release|x64.Build.0 = Release|x64
		{AE37D418-7E10-4EE9-8A46-7260EF5E402F}.Release|x86.ActiveCfg = Release|Win32
		{AE37D418-7E10-4EE9-8A46-7260EF5E402F}.Release|x86.Build.0 = Release|Win32
		{2560DA3C-82BE-4658-90FE-BFB7B14E6D2D}.Debug|x64.ActiveCfg = Debug|x64
		{2560DA3C-82BE-4658-90FE-BFB7B14E6D2D}.Debug|x64.Build.0 = Debug|x64
		{2560DA3C-82BE-4658-90FE-BFB7B14E6D2D}.Debug|x86.ActiveCfg = Debug|Win32
		{2560DA3C-82BE-4658-90FE-BFB7B14E6D2D}.Debug|x86.Build.0 = Debug|Win32
		{2560DA3C-82BE-4658-90FE-BFB7B14E6D2D}.Release|x64.ActiveCfg = Release|x64
		{2560DA3C-82BE-4658-90FE-BFB7B14E6D2D}.Release|x64.Build.0 = Release|x64
		{2560DA3C-82BE-4658-90FE-BFB7B14E6D2D}.Release|x86.ActiveCfg = Release|Win32
		{2560DA3C-82BE-4658-90FE-BFB7B14E6D2D}.Release|x86.Build.0 = Release|Win32
	EndGlobalSection
	GlobalSection(SolutionProperties) = preSolution
		HideSolutionNode = FALSE
	EndGlobalSection
	GlobalSection(NestedProjects) = preSolution
		{FFE1D512-FBE1-4739-A25A-33D7A1B5E920} = {B1C313D5-5F86-4EAD-B66D-4DA1A86CF65F}
		{1ED2ACC0-CAC5-4286-B00C-74A2BA9CF6FD} = {B1C313D5-5F86-4EAD-B66D-4DA1A86CF65F}
	EndGlobalSection
	GlobalSection(ExtensibilityGlobals) = postSolution
		SolutionGuid = {8BB2530C-7B0A-4DEC-B7EC-611E320F94A2}
	EndGlobalSection
EndGlobal
