
Microsoft Visual Studio Solution File, Format Version 12.00
# Visual Studio 15
VisualStudioVersion = 15.0.26730.10
MinimumVisualStudioVersion = 10.0.40219.1
Project("{8BC9CEB8-8B4A-11D0-8D11-00A0C91BC942}") = "cuboids", "cuboids\cuboids.vcxproj", "{3847C90E-47D2-45ED-9DF7-271E87716553}"
EndProject
Project("{8BC9CEB8-8B4A-11D0-8D11-00A0C91BC942}") = "glapp", "glapp\glapp.vcxproj", "{2BBD62EC-5B14-4BF8-93CA-739D4AF7B409}"
EndProject
Project("{8BC9CEB8-8B4A-11D0-8D11-00A0C91BC942}") = "utils", "utils\utils.vcxproj", "{C8218AF4-7D14-4F55-A7DC-32399C4E958A}"
EndProject
Project("{2150E333-8FDC-42A3-9474-1A3956D46DE8}") = "Solution Items", "Solution Items", "{D9B3421B-FCA7-40F9-BCFC-E38DD6C5DDC7}"
	ProjectSection(SolutionItems) = preProject
		.gitattributes = .gitattributes
		.gitignore = .gitignore
		LICENSE = LICENSE
		README.md = README.md
	EndProjectSection
EndProject
Project("{8BC9CEB8-8B4A-11D0-8D11-00A0C91BC942}") = "glapp-tests", "glapp-tests\glapp-tests.vcxproj", "{FFE1D512-FBE1-4739-A25A-33D7A1B5E920}"
EndProject
Global
	GlobalSection(SolutionConfigurationPlatforms) = preSolution
		Debug|x64 = Debug|x64
		Debug|x86 = Debug|x86
		Release|x64 = Release|x64
		Release|x86 = Release|x86
	EndGlobalSection
	GlobalSection(ProjectConfigurationPlatforms) = postSolution
		{3847C90E-47D2-45ED-9DF7-271E87716553}.Debug|x64.ActiveCfg = Debug|x64
		{3847C90E-47D2-45ED-9DF7-271E87716553}.Debug|x64.Build.0 = Debug|x64
		{3847C90E-47D2-45ED-9DF7-271E87716553}.Debug|x86.ActiveCfg = Debug|Win32
		{3847C90E-47D2-45ED-9DF7-271E87716553}.Debug|x86.Build.0 = Debug|Win32
		{3847C90E-47D2-45ED-9DF7-271E87716553}.Release|x64.ActiveCfg = Release|x64
		{3847C90E-47D2-45ED-9DF7-271E87716553}.Release|x64.Build.0 = Release|x64
		{3847C90E-47D2-45ED-9DF7-271E87716553}.Release|x86.ActiveCfg = Release|Win32
		{3847C90E-47D2-45ED-9DF7-271E87716553}.Release|x86.Build.0 = Release|Win32
		{2BBD62EC-5B14-4BF8-93CA-739D4AF7B409}.Debug|x64.ActiveCfg = Debug|x64
		{2BBD62EC-5B14-4BF8-93CA-739D4AF7B409}.Debug|x64.Build.0 = Debug|x64
		{2BBD62EC-5B14-4BF8-93CA-739D4AF7B409}.Debug|x86.ActiveCfg = Debug|Win32
		{2BBD62EC-5B14-4BF8-93CA-739D4AF7B409}.Debug|x86.Build.0 = Debug|Win32
		{2BBD62EC-5B14-4BF8-93CA-739D4AF7B409}.Release|x64.ActiveCfg = Release|x64
		{2BBD62EC-5B14-4BF8-93CA-739D4AF7B409}.Release|x64.Build.0 = Release|x64
		{2BBD62EC-5B14-4BF8-93CA-739D4AF7B409}.Release|x86.ActiveCfg = Release|Win32
		{2BBD62EC-5B14-4BF8-93CA-739D4AF7B409}.Release|x86.Build.0 = Release|Win32
		{C8218AF4-7D14-4F55-A7DC-32399C4E958A}.Debug|x64.ActiveCfg = Debug|x64
		{C8218AF4-7D14-4F55-A7DC-32399C4E958A}.Debug|x64.Build.0 = Debug|x64
		{C8218AF4-7D14-4F55-A7DC-32399C4E958A}.Debug|x86.ActiveCfg = Debug|Win32
		{C8218AF4-7D14-4F55-A7DC-32399C4E958A}.Debug|x86.Build.0 = Debug|Win32
		{C8218AF4-7D14-4F55-A7DC-32399C4E958A}.Release|x64.ActiveCfg = Release|x64
		{C8218AF4-7D14-4F55-A7DC-32399C4E958A}.Release|x64.Build.0 = Release|x64
		{C8218AF4-7D14-4F55-A7DC-32399C4E958A}.Release|x86.ActiveCfg = Release|Win32
		{C8218AF4-7D14-4F55-A7DC-32399C4E958A}.Release|x86.Build.0 = Release|Win32
		{FFE1D512-FBE1-4739-A25A-33D7A1B5E920}.Debug|x64.ActiveCfg = Debug|x64
		{FFE1D512-FBE1-4739-A25A-33D7A1B5E920}.Debug|x64.Build.0 = Debug|x64
		{FFE1D512-FBE1-4739-A25A-33D7A1B5E920}.Debug|x86.ActiveCfg = Debug|Win32
		{FFE1D512-FBE1-4739-A25A-33D7A1B5E920}.Debug|x86.Build.0 = Debug|Win32
		{FFE1D512-FBE1-4739-A25A-33D7A1B5E920}.Release|x64.ActiveCfg = Release|x64
		{FFE1D512-FBE1-4739-A25A-33D7A1B5E920}.Release|x64.Build.0 = Release|x64
		{FFE1D512-FBE1-4739-A25A-33D7A1B5E920}.Release|x86.ActiveCfg = Release|Win32
		{FFE1D512-FBE1-4739-A25A-33D7A1B5E920}.Release|x86.Build.0 = Release|Win32
	EndGlobalSection
	GlobalSection(SolutionProperties) = preSolution
		HideSolutionNode = FALSE
	EndGlobalSection
	GlobalSection(ExtensibilityGlobals) = postSolution
		SolutionGuid = {8BB2530C-7B0A-4DEC-B7EC-611E320F94A2}
	EndGlobalSection
EndGlobal
